// !$*UTF8*$!
{
	archiveVersion = 1;
	classes = {
	};
	objectVersion = 55;
	objects = {

/* Begin PBXBuildFile section */
		718458FB28B9DFDC00AA1DD2 /* AppDelegate.swift in Sources */ = {isa = PBXBuildFile; fileRef = 718458FA28B9DFDC00AA1DD2 /* AppDelegate.swift */; };
		718458FD28B9DFDC00AA1DD2 /* MainViewController.swift in Sources */ = {isa = PBXBuildFile; fileRef = 718458FC28B9DFDC00AA1DD2 /* MainViewController.swift */; };
		718458FF28B9DFDD00AA1DD2 /* Assets.xcassets in Resources */ = {isa = PBXBuildFile; fileRef = 718458FE28B9DFDD00AA1DD2 /* Assets.xcassets */; };
		7184590228B9DFDD00AA1DD2 /* Main.storyboard in Resources */ = {isa = PBXBuildFile; fileRef = 7184590028B9DFDD00AA1DD2 /* Main.storyboard */; };
		7184591428B9E21500AA1DD2 /* CreakNSView.swift in Sources */ = {isa = PBXBuildFile; fileRef = 7184591328B9E21500AA1DD2 /* CreakNSView.swift */; };
		71E2989F28C5B2D5008B1036 /* CreakNSOGLView.mm in Sources */ = {isa = PBXBuildFile; fileRef = 71E2989E28C5B2D5008B1036 /* CreakNSOGLView.mm */; };
		71E298A428C5CABE008B1036 /* basic.vert in Resources */ = {isa = PBXBuildFile; fileRef = 71E298A328C5CABE008B1036 /* basic.vert */; };
		71E298A628C5CAF8008B1036 /* basic.frag in Resources */ = {isa = PBXBuildFile; fileRef = 71E298A528C5CAF8008B1036 /* basic.frag */; };
		71E298AA28C5D898008B1036 /* CreckOGLRenderer.cpp in Sources */ = {isa = PBXBuildFile; fileRef = 71E298A828C5D898008B1036 /* CreckOGLRenderer.cpp */; };
/* End PBXBuildFile section */

/* Begin PBXFileReference section */
		718458F728B9DFDC00AA1DD2 /* CreakInitial_AppKit.app */ = {isa = PBXFileReference; explicitFileType = wrapper.application; includeInIndex = 0; path = CreakInitial_AppKit.app; sourceTree = BUILT_PRODUCTS_DIR; };
		718458FA28B9DFDC00AA1DD2 /* AppDelegate.swift */ = {isa = PBXFileReference; lastKnownFileType = sourcecode.swift; path = AppDelegate.swift; sourceTree = "<group>"; };
		718458FC28B9DFDC00AA1DD2 /* MainViewController.swift */ = {isa = PBXFileReference; lastKnownFileType = sourcecode.swift; path = MainViewController.swift; sourceTree = "<group>"; };
		718458FE28B9DFDD00AA1DD2 /* Assets.xcassets */ = {isa = PBXFileReference; lastKnownFileType = folder.assetcatalog; path = Assets.xcassets; sourceTree = "<group>"; };
		7184590128B9DFDD00AA1DD2 /* Base */ = {isa = PBXFileReference; lastKnownFileType = file.storyboard; name = Base; path = Base.lproj/Main.storyboard; sourceTree = "<group>"; };
		7184590328B9DFDD00AA1DD2 /* CreakInitial.entitlements */ = {isa = PBXFileReference; lastKnownFileType = text.plist.entitlements; path = CreakInitial.entitlements; sourceTree = "<group>"; };
		7184591328B9E21500AA1DD2 /* CreakNSView.swift */ = {isa = PBXFileReference; lastKnownFileType = sourcecode.swift; path = CreakNSView.swift; sourceTree = "<group>"; };
		7184591728B9E99F00AA1DD2 /* CreakInitial-Bridging-Header.h */ = {isa = PBXFileReference; lastKnownFileType = sourcecode.c.h; path = "CreakInitial-Bridging-Header.h"; sourceTree = "<group>"; };
		7184591B28C1BEE500AA1DD2 /* CreakAppleFlags.h */ = {isa = PBXFileReference; lastKnownFileType = sourcecode.c.h; path = CreakAppleFlags.h; sourceTree = "<group>"; };
		7184591C28C1C57E00AA1DD2 /* CreckOGLHelper.cpp */ = {isa = PBXFileReference; lastKnownFileType = sourcecode.cpp.cpp; path = CreckOGLHelper.cpp; sourceTree = "<group>"; };
		7184591D28C1C57E00AA1DD2 /* CreckOGLHelper.hpp */ = {isa = PBXFileReference; lastKnownFileType = sourcecode.cpp.h; path = CreckOGLHelper.hpp; sourceTree = "<group>"; };
		71E2989E28C5B2D5008B1036 /* CreakNSOGLView.mm */ = {isa = PBXFileReference; fileEncoding = 4; lastKnownFileType = sourcecode.cpp.objcpp; path = CreakNSOGLView.mm; sourceTree = "<group>"; };
		71E298A028C5B2E1008B1036 /* CreakNSOGLView.h */ = {isa = PBXFileReference; lastKnownFileType = sourcecode.c.h; path = CreakNSOGLView.h; sourceTree = "<group>"; };
		71E298A328C5CABE008B1036 /* basic.vert */ = {isa = PBXFileReference; lastKnownFileType = sourcecode.glsl; path = basic.vert; sourceTree = "<group>"; };
		71E298A528C5CAF8008B1036 /* basic.frag */ = {isa = PBXFileReference; lastKnownFileType = sourcecode.glsl; path = basic.frag; sourceTree = "<group>"; };
		71E298A728C5CEAB008B1036 /* CreakOpenGLFlags.h */ = {isa = PBXFileReference; lastKnownFileType = sourcecode.c.h; path = CreakOpenGLFlags.h; sourceTree = "<group>"; };
		71E298A828C5D898008B1036 /* CreckOGLRenderer.cpp */ = {isa = PBXFileReference; lastKnownFileType = sourcecode.cpp.cpp; name = CreckOGLRenderer.cpp; path = CreakInitial/Core/common/opengl/source/CreckOGLRenderer.cpp; sourceTree = SOURCE_ROOT; };
		71E298A928C5D898008B1036 /* CreckOGLRenderer.hpp */ = {isa = PBXFileReference; lastKnownFileType = sourcecode.cpp.h; name = CreckOGLRenderer.hpp; path = CreakInitial/Core/common/opengl/CreckOGLRenderer.hpp; sourceTree = SOURCE_ROOT; };
		71E298AB28C5DD2B008B1036 /* CreakFlags.h */ = {isa = PBXFileReference; lastKnownFileType = sourcecode.c.h; path = CreakFlags.h; sourceTree = "<group>"; };
/* End PBXFileReference section */

/* Begin PBXFrameworksBuildPhase section */
		718458F428B9DFDC00AA1DD2 /* Frameworks */ = {
			isa = PBXFrameworksBuildPhase;
			buildActionMask = 2147483647;
			files = (
			);
			runOnlyForDeploymentPostprocessing = 0;
		};
/* End PBXFrameworksBuildPhase section */

/* Begin PBXGroup section */
		718458EE28B9DFDC00AA1DD2 = {
			isa = PBXGroup;
			children = (
				718458F928B9DFDC00AA1DD2 /* CreakInitial */,
				718458F828B9DFDC00AA1DD2 /* Products */,
			);
			sourceTree = "<group>";
		};
		718458F828B9DFDC00AA1DD2 /* Products */ = {
			isa = PBXGroup;
			children = (
				718458F728B9DFDC00AA1DD2 /* CreakInitial_AppKit.app */,
			);
			name = Products;
			sourceTree = "<group>";
		};
		718458F928B9DFDC00AA1DD2 /* CreakInitial */ = {
			isa = PBXGroup;
			children = (
				7184590A28B9E04F00AA1DD2 /* NonCore */,
				7184590928B9E04300AA1DD2 /* Core */,
				718458FA28B9DFDC00AA1DD2 /* AppDelegate.swift */,
				718458FC28B9DFDC00AA1DD2 /* MainViewController.swift */,
				7184591728B9E99F00AA1DD2 /* CreakInitial-Bridging-Header.h */,
				718458FE28B9DFDD00AA1DD2 /* Assets.xcassets */,
				7184590028B9DFDD00AA1DD2 /* Main.storyboard */,
				7184590328B9DFDD00AA1DD2 /* CreakInitial.entitlements */,
			);
			path = CreakInitial;
			sourceTree = "<group>";
		};
		7184590928B9E04300AA1DD2 /* Core */ = {
			isa = PBXGroup;
			children = (
				7184591028B9E1ED00AA1DD2 /* apple */,
				7184590D28B9E11F00AA1DD2 /* common */,
			);
			path = Core;
			sourceTree = "<group>";
		};
		7184590A28B9E04F00AA1DD2 /* NonCore */ = {
			isa = PBXGroup;
			children = (
				7184590E28B9E12500AA1DD2 /* apple */,
			);
			path = NonCore;
			sourceTree = "<group>";
		};
		7184590B28B9E06000AA1DD2 /* source */ = {
			isa = PBXGroup;
			children = (
				71E298A828C5D898008B1036 /* CreckOGLRenderer.cpp */,
				7184591C28C1C57E00AA1DD2 /* CreckOGLHelper.cpp */,
			);
			path = source;
			sourceTree = "<group>";
		};
		7184590C28B9E11500AA1DD2 /* macos */ = {
			isa = PBXGroup;
			children = (
				7184591328B9E21500AA1DD2 /* CreakNSView.swift */,
			);
			path = macos;
			sourceTree = "<group>";
		};
		7184590D28B9E11F00AA1DD2 /* common */ = {
			isa = PBXGroup;
			children = (
				71E298AB28C5DD2B008B1036 /* CreakFlags.h */,
				71E298A228C5CA86008B1036 /* opengl */,
			);
			path = common;
			sourceTree = "<group>";
		};
		7184590E28B9E12500AA1DD2 /* apple */ = {
			isa = PBXGroup;
			children = (
				7184591628B9E91500AA1DD2 /* iOS */,
				7184590C28B9E11500AA1DD2 /* macos */,
			);
			path = apple;
			sourceTree = "<group>";
		};
		7184590F28B9E13F00AA1DD2 /* header */ = {
			isa = PBXGroup;
			children = (
				7184591D28C1C57E00AA1DD2 /* CreckOGLHelper.hpp */,
				71E298A928C5D898008B1036 /* CreckOGLRenderer.hpp */,
			);
			path = header;
			sourceTree = "<group>";
		};
		7184591028B9E1ED00AA1DD2 /* apple */ = {
			isa = PBXGroup;
			children = (
				7184591B28C1BEE500AA1DD2 /* CreakAppleFlags.h */,
				71E2989D28C5B2B1008B1036 /* ios */,
				71E2989C28C5B2A4008B1036 /* macos */,
			);
			path = apple;
			sourceTree = "<group>";
		};
		7184591128B9E1F700AA1DD2 /* source */ = {
			isa = PBXGroup;
			children = (
				71E2989E28C5B2D5008B1036 /* CreakNSOGLView.mm */,
			);
			path = source;
			sourceTree = "<group>";
		};
		7184591228B9E20200AA1DD2 /* header */ = {
			isa = PBXGroup;
			children = (
				71E298A028C5B2E1008B1036 /* CreakNSOGLView.h */,
			);
			path = header;
			sourceTree = "<group>";
		};
		7184591628B9E91500AA1DD2 /* iOS */ = {
			isa = PBXGroup;
			children = (
			);
			path = iOS;
			sourceTree = "<group>";
		};
		71E2989C28C5B2A4008B1036 /* macos */ = {
			isa = PBXGroup;
			children = (
				7184591228B9E20200AA1DD2 /* header */,
				7184591128B9E1F700AA1DD2 /* source */,
			);
			path = macos;
			sourceTree = "<group>";
		};
		71E2989D28C5B2B1008B1036 /* ios */ = {
			isa = PBXGroup;
			children = (
			);
			path = ios;
			sourceTree = "<group>";
		};
		71E298A128C5CA4E008B1036 /* shaders */ = {
			isa = PBXGroup;
			children = (
				71E298A328C5CABE008B1036 /* basic.vert */,
				71E298A528C5CAF8008B1036 /* basic.frag */,
			);
			path = shaders;
			sourceTree = "<group>";
		};
		71E298A228C5CA86008B1036 /* opengl */ = {
			isa = PBXGroup;
			children = (
				71E298A728C5CEAB008B1036 /* CreakOpenGLFlags.h */,
				7184590F28B9E13F00AA1DD2 /* header */,
				7184590B28B9E06000AA1DD2 /* source */,
				71E298A128C5CA4E008B1036 /* shaders */,
			);
			path = opengl;
			sourceTree = "<group>";
		};
/* End PBXGroup section */

/* Begin PBXNativeTarget section */
		718458F628B9DFDC00AA1DD2 /* CreakInitial_AppKit */ = {
			isa = PBXNativeTarget;
			buildConfigurationList = 7184590628B9DFDD00AA1DD2 /* Build configuration list for PBXNativeTarget "CreakInitial_AppKit" */;
			buildPhases = (
				718458F328B9DFDC00AA1DD2 /* Sources */,
				718458F428B9DFDC00AA1DD2 /* Frameworks */,
				718458F528B9DFDC00AA1DD2 /* Resources */,
			);
			buildRules = (
			);
			dependencies = (
			);
			name = CreakInitial_AppKit;
			productName = CreakInitial;
			productReference = 718458F728B9DFDC00AA1DD2 /* CreakInitial_AppKit.app */;
			productType = "com.apple.product-type.application";
		};
/* End PBXNativeTarget section */

/* Begin PBXProject section */
		718458EF28B9DFDC00AA1DD2 /* Project object */ = {
			isa = PBXProject;
			attributes = {
				BuildIndependentTargetsInParallel = 1;
				LastSwiftUpdateCheck = 1340;
				LastUpgradeCheck = 1340;
				TargetAttributes = {
					718458F628B9DFDC00AA1DD2 = {
						CreatedOnToolsVersion = 13.4.1;
						LastSwiftMigration = 1340;
					};
				};
			};
			buildConfigurationList = 718458F228B9DFDC00AA1DD2 /* Build configuration list for PBXProject "CreakInitial" */;
			compatibilityVersion = "Xcode 13.0";
			developmentRegion = en;
			hasScannedForEncodings = 0;
			knownRegions = (
				en,
				Base,
			);
			mainGroup = 718458EE28B9DFDC00AA1DD2;
			productRefGroup = 718458F828B9DFDC00AA1DD2 /* Products */;
			projectDirPath = "";
			projectRoot = "";
			targets = (
				718458F628B9DFDC00AA1DD2 /* CreakInitial_AppKit */,
			);
		};
/* End PBXProject section */

/* Begin PBXResourcesBuildPhase section */
		718458F528B9DFDC00AA1DD2 /* Resources */ = {
			isa = PBXResourcesBuildPhase;
			buildActionMask = 2147483647;
			files = (
				718458FF28B9DFDD00AA1DD2 /* Assets.xcassets in Resources */,
				71E298A428C5CABE008B1036 /* basic.vert in Resources */,
				71E298A628C5CAF8008B1036 /* basic.frag in Resources */,
				7184590228B9DFDD00AA1DD2 /* Main.storyboard in Resources */,
			);
			runOnlyForDeploymentPostprocessing = 0;
		};
/* End PBXResourcesBuildPhase section */

/* Begin PBXSourcesBuildPhase section */
		718458F328B9DFDC00AA1DD2 /* Sources */ = {
			isa = PBXSourcesBuildPhase;
			buildActionMask = 2147483647;
			files = (
				71E298AA28C5D898008B1036 /* CreckOGLRenderer.cpp in Sources */,
				7184591428B9E21500AA1DD2 /* CreakNSView.swift in Sources */,
				71E2989F28C5B2D5008B1036 /* CreakNSOGLView.mm in Sources */,
				718458FD28B9DFDC00AA1DD2 /* MainViewController.swift in Sources */,
				718458FB28B9DFDC00AA1DD2 /* AppDelegate.swift in Sources */,
			);
			runOnlyForDeploymentPostprocessing = 0;
		};
/* End PBXSourcesBuildPhase section */

/* Begin PBXVariantGroup section */
		7184590028B9DFDD00AA1DD2 /* Main.storyboard */ = {
			isa = PBXVariantGroup;
			children = (
				7184590128B9DFDD00AA1DD2 /* Base */,
			);
			name = Main.storyboard;
			sourceTree = "<group>";
		};
/* End PBXVariantGroup section */

/* Begin XCBuildConfiguration section */
		7184590428B9DFDD00AA1DD2 /* Debug */ = {
			isa = XCBuildConfiguration;
			buildSettings = {
				ALWAYS_SEARCH_USER_PATHS = NO;
				CLANG_ANALYZER_NONNULL = YES;
				CLANG_ANALYZER_NUMBER_OBJECT_CONVERSION = YES_AGGRESSIVE;
				CLANG_CXX_LANGUAGE_STANDARD = "gnu++17";
				CLANG_ENABLE_MODULES = YES;
				CLANG_ENABLE_OBJC_ARC = YES;
				CLANG_ENABLE_OBJC_WEAK = YES;
				CLANG_WARN_BLOCK_CAPTURE_AUTORELEASING = YES;
				CLANG_WARN_BOOL_CONVERSION = YES;
				CLANG_WARN_COMMA = YES;
				CLANG_WARN_CONSTANT_CONVERSION = YES;
				CLANG_WARN_DEPRECATED_OBJC_IMPLEMENTATIONS = YES;
				CLANG_WARN_DIRECT_OBJC_ISA_USAGE = YES_ERROR;
				CLANG_WARN_DOCUMENTATION_COMMENTS = YES;
				CLANG_WARN_EMPTY_BODY = YES;
				CLANG_WARN_ENUM_CONVERSION = YES;
				CLANG_WARN_INFINITE_RECURSION = YES;
				CLANG_WARN_INT_CONVERSION = YES;
				CLANG_WARN_NON_LITERAL_NULL_CONVERSION = YES;
				CLANG_WARN_OBJC_IMPLICIT_RETAIN_SELF = YES;
				CLANG_WARN_OBJC_LITERAL_CONVERSION = YES;
				CLANG_WARN_OBJC_ROOT_CLASS = YES_ERROR;
				CLANG_WARN_QUOTED_INCLUDE_IN_FRAMEWORK_HEADER = YES;
				CLANG_WARN_RANGE_LOOP_ANALYSIS = YES;
				CLANG_WARN_STRICT_PROTOTYPES = YES;
				CLANG_WARN_SUSPICIOUS_MOVE = YES;
				CLANG_WARN_UNGUARDED_AVAILABILITY = YES_AGGRESSIVE;
				CLANG_WARN_UNREACHABLE_CODE = YES;
				CLANG_WARN__DUPLICATE_METHOD_MATCH = YES;
				COPY_PHASE_STRIP = NO;
				DEBUG_INFORMATION_FORMAT = dwarf;
				ENABLE_STRICT_OBJC_MSGSEND = YES;
				ENABLE_TESTABILITY = YES;
				GCC_C_LANGUAGE_STANDARD = gnu11;
				GCC_DYNAMIC_NO_PIC = NO;
				GCC_NO_COMMON_BLOCKS = YES;
				GCC_OPTIMIZATION_LEVEL = 0;
				GCC_PREPROCESSOR_DEFINITIONS = (
					"DEBUG=1",
					"$(inherited)",
				);
				GCC_WARN_64_TO_32_BIT_CONVERSION = YES;
				GCC_WARN_ABOUT_RETURN_TYPE = YES_ERROR;
				GCC_WARN_UNDECLARED_SELECTOR = YES;
				GCC_WARN_UNINITIALIZED_AUTOS = YES_AGGRESSIVE;
				GCC_WARN_UNUSED_FUNCTION = YES;
				GCC_WARN_UNUSED_VARIABLE = YES;
				MACOSX_DEPLOYMENT_TARGET = 10.14;
				MTL_ENABLE_DEBUG_INFO = INCLUDE_SOURCE;
				MTL_FAST_MATH = YES;
				ONLY_ACTIVE_ARCH = YES;
				SDKROOT = macosx;
				SWIFT_ACTIVE_COMPILATION_CONDITIONS = DEBUG;
				SWIFT_OPTIMIZATION_LEVEL = "-Onone";
			};
			name = Debug;
		};
		7184590528B9DFDD00AA1DD2 /* Release */ = {
			isa = XCBuildConfiguration;
			buildSettings = {
				ALWAYS_SEARCH_USER_PATHS = NO;
				CLANG_ANALYZER_NONNULL = YES;
				CLANG_ANALYZER_NUMBER_OBJECT_CONVERSION = YES_AGGRESSIVE;
				CLANG_CXX_LANGUAGE_STANDARD = "gnu++17";
				CLANG_ENABLE_MODULES = YES;
				CLANG_ENABLE_OBJC_ARC = YES;
				CLANG_ENABLE_OBJC_WEAK = YES;
				CLANG_WARN_BLOCK_CAPTURE_AUTORELEASING = YES;
				CLANG_WARN_BOOL_CONVERSION = YES;
				CLANG_WARN_COMMA = YES;
				CLANG_WARN_CONSTANT_CONVERSION = YES;
				CLANG_WARN_DEPRECATED_OBJC_IMPLEMENTATIONS = YES;
				CLANG_WARN_DIRECT_OBJC_ISA_USAGE = YES_ERROR;
				CLANG_WARN_DOCUMENTATION_COMMENTS = YES;
				CLANG_WARN_EMPTY_BODY = YES;
				CLANG_WARN_ENUM_CONVERSION = YES;
				CLANG_WARN_INFINITE_RECURSION = YES;
				CLANG_WARN_INT_CONVERSION = YES;
				CLANG_WARN_NON_LITERAL_NULL_CONVERSION = YES;
				CLANG_WARN_OBJC_IMPLICIT_RETAIN_SELF = YES;
				CLANG_WARN_OBJC_LITERAL_CONVERSION = YES;
				CLANG_WARN_OBJC_ROOT_CLASS = YES_ERROR;
				CLANG_WARN_QUOTED_INCLUDE_IN_FRAMEWORK_HEADER = YES;
				CLANG_WARN_RANGE_LOOP_ANALYSIS = YES;
				CLANG_WARN_STRICT_PROTOTYPES = YES;
				CLANG_WARN_SUSPICIOUS_MOVE = YES;
				CLANG_WARN_UNGUARDED_AVAILABILITY = YES_AGGRESSIVE;
				CLANG_WARN_UNREACHABLE_CODE = YES;
				CLANG_WARN__DUPLICATE_METHOD_MATCH = YES;
				COPY_PHASE_STRIP = NO;
				DEBUG_INFORMATION_FORMAT = "dwarf-with-dsym";
				ENABLE_NS_ASSERTIONS = NO;
				ENABLE_STRICT_OBJC_MSGSEND = YES;
				GCC_C_LANGUAGE_STANDARD = gnu11;
				GCC_NO_COMMON_BLOCKS = YES;
				GCC_WARN_64_TO_32_BIT_CONVERSION = YES;
				GCC_WARN_ABOUT_RETURN_TYPE = YES_ERROR;
				GCC_WARN_UNDECLARED_SELECTOR = YES;
				GCC_WARN_UNINITIALIZED_AUTOS = YES_AGGRESSIVE;
				GCC_WARN_UNUSED_FUNCTION = YES;
				GCC_WARN_UNUSED_VARIABLE = YES;
				MACOSX_DEPLOYMENT_TARGET = 10.14;
				MTL_ENABLE_DEBUG_INFO = NO;
				MTL_FAST_MATH = YES;
				SDKROOT = macosx;
				SWIFT_COMPILATION_MODE = wholemodule;
				SWIFT_OPTIMIZATION_LEVEL = "-O";
			};
			name = Release;
		};
		7184590728B9DFDD00AA1DD2 /* Debug */ = {
			isa = XCBuildConfiguration;
			buildSettings = {
				ASSETCATALOG_COMPILER_APPICON_NAME = AppIcon;
				ASSETCATALOG_COMPILER_GLOBAL_ACCENT_COLOR_NAME = AccentColor;
				CLANG_CXX_LANGUAGE_STANDARD = "c++17";
				CLANG_ENABLE_MODULES = YES;
				CODE_SIGN_ENTITLEMENTS = CreakInitial/CreakInitial.entitlements;
				CODE_SIGN_STYLE = Automatic;
				COMBINE_HIDPI_IMAGES = YES;
				CURRENT_PROJECT_VERSION = 1;
				DEVELOPMENT_TEAM = ZHU7MSDH9S;
				ENABLE_HARDENED_RUNTIME = YES;
				GENERATE_INFOPLIST_FILE = YES;
				INFOPLIST_KEY_NSHumanReadableCopyright = "";
				INFOPLIST_KEY_NSMainStoryboardFile = Main;
				INFOPLIST_KEY_NSPrincipalClass = NSApplication;
				LD_RUNPATH_SEARCH_PATHS = (
					"$(inherited)",
					"@executable_path/../Frameworks",
				);
				MARKETING_VERSION = 1.0;
				PRODUCT_BUNDLE_IDENTIFIER = com.SWKim.CreakInitial;
				PRODUCT_NAME = "$(TARGET_NAME)";
				SWIFT_EMIT_LOC_STRINGS = YES;
				SWIFT_OBJC_BRIDGING_HEADER = "CreakInitial/CreakInitial-Bridging-Header.h";
				SWIFT_OPTIMIZATION_LEVEL = "-Onone";
				SWIFT_VERSION = 5.0;
			};
			name = Debug;
		};
		7184590828B9DFDD00AA1DD2 /* Release */ = {
			isa = XCBuildConfiguration;
			buildSettings = {
				ASSETCATALOG_COMPILER_APPICON_NAME = AppIcon;
				ASSETCATALOG_COMPILER_GLOBAL_ACCENT_COLOR_NAME = AccentColor;
				CLANG_CXX_LANGUAGE_STANDARD = "c++17";
				CLANG_ENABLE_MODULES = YES;
				CODE_SIGN_ENTITLEMENTS = CreakInitial/CreakInitial.entitlements;
				CODE_SIGN_STYLE = Automatic;
				COMBINE_HIDPI_IMAGES = YES;
				CURRENT_PROJECT_VERSION = 1;
				DEVELOPMENT_TEAM = ZHU7MSDH9S;
				ENABLE_HARDENED_RUNTIME = YES;
				GENERATE_INFOPLIST_FILE = YES;
				INFOPLIST_KEY_NSHumanReadableCopyright = "";
				INFOPLIST_KEY_NSMainStoryboardFile = Main;
				INFOPLIST_KEY_NSPrincipalClass = NSApplication;
				LD_RUNPATH_SEARCH_PATHS = (
					"$(inherited)",
					"@executable_path/../Frameworks",
				);
				MARKETING_VERSION = 1.0;
				PRODUCT_BUNDLE_IDENTIFIER = com.SWKim.CreakInitial;
				PRODUCT_NAME = "$(TARGET_NAME)";
				SWIFT_EMIT_LOC_STRINGS = YES;
				SWIFT_OBJC_BRIDGING_HEADER = "CreakInitial/CreakInitial-Bridging-Header.h";
				SWIFT_VERSION = 5.0;
			};
			name = Release;
		};
/* End XCBuildConfiguration section */

/* Begin XCConfigurationList section */
		718458F228B9DFDC00AA1DD2 /* Build configuration list for PBXProject "CreakInitial" */ = {
			isa = XCConfigurationList;
			buildConfigurations = (
				7184590428B9DFDD00AA1DD2 /* Debug */,
				7184590528B9DFDD00AA1DD2 /* Release */,
			);
			defaultConfigurationIsVisible = 0;
			defaultConfigurationName = Release;
		};
		7184590628B9DFDD00AA1DD2 /* Build configuration list for PBXNativeTarget "CreakInitial_AppKit" */ = {
			isa = XCConfigurationList;
			buildConfigurations = (
				7184590728B9DFDD00AA1DD2 /* Debug */,
				7184590828B9DFDD00AA1DD2 /* Release */,
			);
			defaultConfigurationIsVisible = 0;
			defaultConfigurationName = Release;
		};
/* End XCConfigurationList section */
	};
	rootObject = 718458EF28B9DFDC00AA1DD2 /* Project object */;
}
